# generated by rye
# use `rye lock` or `rye sync` to update this lockfile
#
# last locked with the following flags:
#   pre: false
#   features: []
#   all-features: false
#   with-sources: false

annotated-types==0.7.0
    # via pydantic
asgiref==3.8.1
    # via django
    # via django-ninja-extra
bleach==5.0.1
    # via django-bleach
brotli==1.1.0
    # via whitenoise
contextlib2==21.6.0
    # via django-ninja-extra
crispy-bootstrap5==2024.2
crispy-tailwind==1.0.3
dj-database-url==2.2.0
django==5.1
    # via crispy-bootstrap5
    # via crispy-tailwind
    # via dj-database-url
    # via django-bleach
    # via django-crispy-forms
    # via django-ninja
    # via django-ninja-extra
    # via django-taggit
    # via django-tinymce
django-admin-interface==0.28.8
django-autoslug==1.9.9
django-bleach==3.1.0
django-colorfield==0.11.0
    # via django-admin-interface
django-crispy-forms==2.3
    # via crispy-bootstrap5
    # via crispy-tailwind
django-ninja==1.2.2
    # via django-ninja-extra
django-ninja-extra==0.21.3
django-taggit==6.0.0
django-tinymce==4.1.0
gunicorn==22.0.0
injector==0.22.0
    # via django-ninja-extra
packaging==24.1
    # via gunicorn
pillow==10.4.0
    # via django-colorfield
psycopg2==2.9.9
pydantic==2.8.2
    # via django-ninja
pydantic-core==2.20.1
    # via pydantic
python-decouple==3.8
python-slugify==8.0.4
    # via django-admin-interface
six==1.16.0
    # via bleach
sqlparse==0.5.1
    # via django
text-unidecode==1.3
    # via python-slugify
tinycss2==1.1.1
    # via bleach
typing-extensions==4.12.2
    # via dj-database-url
    # via pydantic
    # via pydantic-core
tzdata==2024.1
    # via django
webencodings==0.5.1
    # via bleach
    # via tinycss2
whitenoise==6.7.0
